github.com/jcgr5/tareaMatriz1/operaciones v0.0.0-20240226043119-2e872ed5f0a6 h1:j9JVW89kb/xJ/aX8lzz6P2w2lH6VXDFxttKlqfTuDos=
github.com/jcgr5/tareaMatriz1/operaciones v0.0.0-20240226043119-2e872ed5f0a6/go.mod h1:OO5iygFejDtnSZb3RQcZSJ0rhGlRCpE1As5xFPmT5Bg=
github.com/jcgr5/tareaMatriz1/operaciones v0.0.0-20240226220333-05cd60800708 h1:UK6pXn9gqJ8JaG8v4O1WCNOS5+YGQV/jb9oAiw9C+xw=
github.com/jcgr5/tareaMatriz1/operaciones v0.0.0-20240226220333-05cd60800708/go.mod h1:OO5iygFejDtnSZb3RQcZSJ0rhGlRCpE1As5xFPmT5Bg=
github.com/jcgr5/tareaMatriz1/operaciones v0.0.0-20240226222621-d2fc2c087de0 h1:LGr4AcuB5YX7QWA2Of82eskvTHndqnunEHNbsj7tSW4=
github.com/jcgr5/tareaMatriz1/operaciones v0.0.0-20240226222621-d2fc2c087de0/go.mod h1:OO5iygFejDtnSZb3RQcZSJ0rhGlRCpE1As5xFPmT5Bg=
