github.com/jcgr5/tareaMatriz1/operaciones v0.0.0-20240227031454-3f3da2779573 h1:VtfoWB7P8NQ13m93tpDBfmpLSw1bm2CYrnMjSo3A66Q=
github.com/jcgr5/tareaMatriz1/operaciones v0.0.0-20240227031454-3f3da2779573/go.mod h1:OO5iygFejDtnSZb3RQcZSJ0rhGlRCpE1As5xFPmT5Bg=
github.com/jcgr5/tareaMatriz1/operaciones v0.0.0-20240227034146-eed7516fcf64 h1:3QbLKFyUGXK6FG90GrsGI/sow1yhtMuKtx2MtLpyFc4=
github.com/jcgr5/tareaMatriz1/operaciones v0.0.0-20240227034146-eed7516fcf64/go.mod h1:OO5iygFejDtnSZb3RQcZSJ0rhGlRCpE1As5xFPmT5Bg=
