github.com/jcgr5/tareaMatriz1/operaciones v0.0.0-20240227024809-eabbbb72b119 h1:P3RGQcoyKUAIdU3xe41mUMwzGZ/69/noV0iCVapkaAM=
github.com/jcgr5/tareaMatriz1/operaciones v0.0.0-20240227024809-eabbbb72b119/go.mod h1:OO5iygFejDtnSZb3RQcZSJ0rhGlRCpE1As5xFPmT5Bg=
github.com/jcgr5/tareaMatriz1/operaciones v0.0.0-20240227031454-3f3da2779573 h1:VtfoWB7P8NQ13m93tpDBfmpLSw1bm2CYrnMjSo3A66Q=
github.com/jcgr5/tareaMatriz1/operaciones v0.0.0-20240227031454-3f3da2779573/go.mod h1:OO5iygFejDtnSZb3RQcZSJ0rhGlRCpE1As5xFPmT5Bg=
